// !$*UTF8*$!
{
	archiveVersion = 1;
	classes = {
	};
	objectVersion = 46;
	objects = {

/* Begin PBXBuildFile section */
		63338DFB8484BD796972EDF2 /* libPods-Connectivity.a in Frameworks */ = {isa = PBXBuildFile; fileRef = 7889CAA935DD026E18657A1F /* libPods-Connectivity.a */; };
		CE6695911F6A881500A7AECD /* CNVTicTacToeCollectionViewCell.m in Sources */ = {isa = PBXBuildFile; fileRef = CE6695901F6A881500A7AECD /* CNVTicTacToeCollectionViewCell.m */; };
		CE66959A1F6BC43200A7AECD /* CNVTicTacToeSessionInteractor.m in Sources */ = {isa = PBXBuildFile; fileRef = CE6695991F6BC43200A7AECD /* CNVTicTacToeSessionInteractor.m */; };
		CE66959C1F6BC72B00A7AECD /* TicTacToe.storyboard in Resources */ = {isa = PBXBuildFile; fileRef = CE66959B1F6BC72B00A7AECD /* TicTacToe.storyboard */; };
		CE66959F1F6BCA9400A7AECD /* CNVTicTacToeEnterViewController.m in Sources */ = {isa = PBXBuildFile; fileRef = CE66959E1F6BCA9400A7AECD /* CNVTicTacToeEnterViewController.m */; };
		CE9BD3081F698F0000C10E01 /* CNVGeneralSettingsTableViewController.m in Sources */ = {isa = PBXBuildFile; fileRef = CE9BD3071F698F0000C10E01 /* CNVGeneralSettingsTableViewController.m */; };
		CE9BD30B1F6A84E900C10E01 /* CNVTicTacToeViewController.m in Sources */ = {isa = PBXBuildFile; fileRef = CE9BD30A1F6A84E900C10E01 /* CNVTicTacToeViewController.m */; };
		CEA0F06B1F694ACE00155375 /* CNVMessagePopoverViewController.m in Sources */ = {isa = PBXBuildFile; fileRef = CEA0F06A1F694ACE00155375 /* CNVMessagePopoverViewController.m */; };
		CEF961971F6296A7004105F8 /* main.m in Sources */ = {isa = PBXBuildFile; fileRef = CEF961961F6296A7004105F8 /* main.m */; };
		CEF9619A1F6296A8004105F8 /* AppDelegate.m in Sources */ = {isa = PBXBuildFile; fileRef = CEF961991F6296A8004105F8 /* AppDelegate.m */; };
		CEF961A01F6296A8004105F8 /* Main.storyboard in Resources */ = {isa = PBXBuildFile; fileRef = CEF9619E1F6296A8004105F8 /* Main.storyboard */; };
		CEF961A21F6296A8004105F8 /* Assets.xcassets in Resources */ = {isa = PBXBuildFile; fileRef = CEF961A11F6296A8004105F8 /* Assets.xcassets */; };
		CEF961A51F6296A9004105F8 /* LaunchScreen.storyboard in Resources */ = {isa = PBXBuildFile; fileRef = CEF961A31F6296A9004105F8 /* LaunchScreen.storyboard */; };
		CEF961AE1F629F83004105F8 /* CNVMainTableViewController.m in Sources */ = {isa = PBXBuildFile; fileRef = CEF961AD1F629F83004105F8 /* CNVMainTableViewController.m */; };
		CEF961B11F629FBB004105F8 /* CNVNetworkSettingsTableViewController.m in Sources */ = {isa = PBXBuildFile; fileRef = CEF961B01F629FBB004105F8 /* CNVNetworkSettingsTableViewController.m */; };
		CEF961B71F62A075004105F8 /* CNVHostListTableViewController.m in Sources */ = {isa = PBXBuildFile; fileRef = CEF961B61F62A075004105F8 /* CNVHostListTableViewController.m */; };
		CEF961BA1F62D480004105F8 /* CNVConnectivityManager.m in Sources */ = {isa = PBXBuildFile; fileRef = CEF961B91F62D480004105F8 /* CNVConnectivityManager.m */; };
/* End PBXBuildFile section */

/* Begin PBXFileReference section */
		01A6BEAEC28EC63CDBE21383 /* Pods-Connectivity.release.xcconfig */ = {isa = PBXFileReference; includeInIndex = 1; lastKnownFileType = text.xcconfig; name = "Pods-Connectivity.release.xcconfig"; path = "Pods/Target Support Files/Pods-Connectivity/Pods-Connectivity.release.xcconfig"; sourceTree = "<group>"; };
		7889CAA935DD026E18657A1F /* libPods-Connectivity.a */ = {isa = PBXFileReference; explicitFileType = archive.ar; includeInIndex = 0; path = "libPods-Connectivity.a"; sourceTree = BUILT_PRODUCTS_DIR; };
		CE66958F1F6A881500A7AECD /* CNVTicTacToeCollectionViewCell.h */ = {isa = PBXFileReference; fileEncoding = 4; lastKnownFileType = sourcecode.c.h; path = CNVTicTacToeCollectionViewCell.h; sourceTree = "<group>"; };
		CE6695901F6A881500A7AECD /* CNVTicTacToeCollectionViewCell.m */ = {isa = PBXFileReference; fileEncoding = 4; lastKnownFileType = sourcecode.c.objc; path = CNVTicTacToeCollectionViewCell.m; sourceTree = "<group>"; };
		CE6695981F6BC43200A7AECD /* CNVTicTacToeSessionInteractor.h */ = {isa = PBXFileReference; fileEncoding = 4; lastKnownFileType = sourcecode.c.h; path = CNVTicTacToeSessionInteractor.h; sourceTree = "<group>"; };
		CE6695991F6BC43200A7AECD /* CNVTicTacToeSessionInteractor.m */ = {isa = PBXFileReference; fileEncoding = 4; lastKnownFileType = sourcecode.c.objc; path = CNVTicTacToeSessionInteractor.m; sourceTree = "<group>"; };
		CE66959B1F6BC72B00A7AECD /* TicTacToe.storyboard */ = {isa = PBXFileReference; fileEncoding = 4; lastKnownFileType = file.storyboard; path = TicTacToe.storyboard; sourceTree = "<group>"; };
		CE66959D1F6BCA9400A7AECD /* CNVTicTacToeEnterViewController.h */ = {isa = PBXFileReference; fileEncoding = 4; lastKnownFileType = sourcecode.c.h; path = CNVTicTacToeEnterViewController.h; sourceTree = "<group>"; };
		CE66959E1F6BCA9400A7AECD /* CNVTicTacToeEnterViewController.m */ = {isa = PBXFileReference; fileEncoding = 4; lastKnownFileType = sourcecode.c.objc; path = CNVTicTacToeEnterViewController.m; sourceTree = "<group>"; };
		CE9BD3061F698F0000C10E01 /* CNVGeneralSettingsTableViewController.h */ = {isa = PBXFileReference; fileEncoding = 4; lastKnownFileType = sourcecode.c.h; path = CNVGeneralSettingsTableViewController.h; sourceTree = "<group>"; };
		CE9BD3071F698F0000C10E01 /* CNVGeneralSettingsTableViewController.m */ = {isa = PBXFileReference; fileEncoding = 4; lastKnownFileType = sourcecode.c.objc; path = CNVGeneralSettingsTableViewController.m; sourceTree = "<group>"; };
		CE9BD3091F6A84E900C10E01 /* CNVTicTacToeViewController.h */ = {isa = PBXFileReference; fileEncoding = 4; lastKnownFileType = sourcecode.c.h; path = CNVTicTacToeViewController.h; sourceTree = "<group>"; };
		CE9BD30A1F6A84E900C10E01 /* CNVTicTacToeViewController.m */ = {isa = PBXFileReference; fileEncoding = 4; lastKnownFileType = sourcecode.c.objc; path = CNVTicTacToeViewController.m; sourceTree = "<group>"; };
		CEA0F0691F694ACE00155375 /* CNVMessagePopoverViewController.h */ = {isa = PBXFileReference; fileEncoding = 4; lastKnownFileType = sourcecode.c.h; path = CNVMessagePopoverViewController.h; sourceTree = "<group>"; };
		CEA0F06A1F694ACE00155375 /* CNVMessagePopoverViewController.m */ = {isa = PBXFileReference; fileEncoding = 4; lastKnownFileType = sourcecode.c.objc; path = CNVMessagePopoverViewController.m; sourceTree = "<group>"; };
		CEF961921F6296A7004105F8 /* Connectivity.app */ = {isa = PBXFileReference; explicitFileType = wrapper.application; includeInIndex = 0; path = Connectivity.app; sourceTree = BUILT_PRODUCTS_DIR; };
		CEF961961F6296A7004105F8 /* main.m */ = {isa = PBXFileReference; lastKnownFileType = sourcecode.c.objc; path = main.m; sourceTree = "<group>"; };
		CEF961981F6296A8004105F8 /* AppDelegate.h */ = {isa = PBXFileReference; lastKnownFileType = sourcecode.c.h; path = AppDelegate.h; sourceTree = "<group>"; };
		CEF961991F6296A8004105F8 /* AppDelegate.m */ = {isa = PBXFileReference; lastKnownFileType = sourcecode.c.objc; path = AppDelegate.m; sourceTree = "<group>"; };
		CEF9619F1F6296A8004105F8 /* Base */ = {isa = PBXFileReference; lastKnownFileType = file.storyboard; name = Base; path = Base.lproj/Main.storyboard; sourceTree = "<group>"; };
		CEF961A11F6296A8004105F8 /* Assets.xcassets */ = {isa = PBXFileReference; lastKnownFileType = folder.assetcatalog; path = Assets.xcassets; sourceTree = "<group>"; };
		CEF961A41F6296A9004105F8 /* Base */ = {isa = PBXFileReference; lastKnownFileType = file.storyboard; name = Base; path = Base.lproj/LaunchScreen.storyboard; sourceTree = "<group>"; };
		CEF961A61F6296A9004105F8 /* Info.plist */ = {isa = PBXFileReference; lastKnownFileType = text.plist.xml; path = Info.plist; sourceTree = "<group>"; };
		CEF961AC1F629F83004105F8 /* CNVMainTableViewController.h */ = {isa = PBXFileReference; fileEncoding = 4; lastKnownFileType = sourcecode.c.h; path = CNVMainTableViewController.h; sourceTree = "<group>"; };
		CEF961AD1F629F83004105F8 /* CNVMainTableViewController.m */ = {isa = PBXFileReference; fileEncoding = 4; lastKnownFileType = sourcecode.c.objc; path = CNVMainTableViewController.m; sourceTree = "<group>"; };
		CEF961AF1F629FBB004105F8 /* CNVNetworkSettingsTableViewController.h */ = {isa = PBXFileReference; fileEncoding = 4; lastKnownFileType = sourcecode.c.h; path = CNVNetworkSettingsTableViewController.h; sourceTree = "<group>"; };
		CEF961B01F629FBB004105F8 /* CNVNetworkSettingsTableViewController.m */ = {isa = PBXFileReference; fileEncoding = 4; lastKnownFileType = sourcecode.c.objc; path = CNVNetworkSettingsTableViewController.m; sourceTree = "<group>"; };
		CEF961B51F62A075004105F8 /* CNVHostListTableViewController.h */ = {isa = PBXFileReference; fileEncoding = 4; lastKnownFileType = sourcecode.c.h; path = CNVHostListTableViewController.h; sourceTree = "<group>"; };
		CEF961B61F62A075004105F8 /* CNVHostListTableViewController.m */ = {isa = PBXFileReference; fileEncoding = 4; lastKnownFileType = sourcecode.c.objc; path = CNVHostListTableViewController.m; sourceTree = "<group>"; };
		CEF961B81F62D480004105F8 /* CNVConnectivityManager.h */ = {isa = PBXFileReference; fileEncoding = 4; lastKnownFileType = sourcecode.c.h; path = CNVConnectivityManager.h; sourceTree = "<group>"; };
		CEF961B91F62D480004105F8 /* CNVConnectivityManager.m */ = {isa = PBXFileReference; fileEncoding = 4; lastKnownFileType = sourcecode.c.objc; path = CNVConnectivityManager.m; sourceTree = "<group>"; xcLanguageSpecificationIdentifier = xcode.lang.objc; };
		D45CD7BDA431533DF55AEE65 /* Pods-Connectivity.debug.xcconfig */ = {isa = PBXFileReference; includeInIndex = 1; lastKnownFileType = text.xcconfig; name = "Pods-Connectivity.debug.xcconfig"; path = "Pods/Target Support Files/Pods-Connectivity/Pods-Connectivity.debug.xcconfig"; sourceTree = "<group>"; };
/* End PBXFileReference section */

/* Begin PBXFrameworksBuildPhase section */
		CEF9618F1F6296A7004105F8 /* Frameworks */ = {
			isa = PBXFrameworksBuildPhase;
			buildActionMask = 2147483647;
			files = (
				63338DFB8484BD796972EDF2 /* libPods-Connectivity.a in Frameworks */,
			);
			runOnlyForDeploymentPostprocessing = 0;
		};
/* End PBXFrameworksBuildPhase section */

/* Begin PBXGroup section */
		2352BB2A0D90FC4D68BB28E7 /* Pods */ = {
			isa = PBXGroup;
			children = (
				D45CD7BDA431533DF55AEE65 /* Pods-Connectivity.debug.xcconfig */,
				01A6BEAEC28EC63CDBE21383 /* Pods-Connectivity.release.xcconfig */,
			);
			name = Pods;
			sourceTree = "<group>";
		};
		A03F621F2E4D50B8E1DE662C /* Frameworks */ = {
			isa = PBXGroup;
			children = (
				7889CAA935DD026E18657A1F /* libPods-Connectivity.a */,
			);
			name = Frameworks;
			sourceTree = "<group>";
		};
		CE66958E1F6A87EC00A7AECD /* Tic Tac Toe */ = {
			isa = PBXGroup;
			children = (
				CE66959B1F6BC72B00A7AECD /* TicTacToe.storyboard */,
				CE66959D1F6BCA9400A7AECD /* CNVTicTacToeEnterViewController.h */,
				CE66959E1F6BCA9400A7AECD /* CNVTicTacToeEnterViewController.m */,
				CE9BD3091F6A84E900C10E01 /* CNVTicTacToeViewController.h */,
				CE9BD30A1F6A84E900C10E01 /* CNVTicTacToeViewController.m */,
				CE66958F1F6A881500A7AECD /* CNVTicTacToeCollectionViewCell.h */,
				CE6695901F6A881500A7AECD /* CNVTicTacToeCollectionViewCell.m */,
				CE6695981F6BC43200A7AECD /* CNVTicTacToeSessionInteractor.h */,
				CE6695991F6BC43200A7AECD /* CNVTicTacToeSessionInteractor.m */,
			);
			name = "Tic Tac Toe";
			sourceTree = "<group>";
		};
		CE9BD3051F698EEA00C10E01 /* Settings */ = {
			isa = PBXGroup;
			children = (
				CEF961AF1F629FBB004105F8 /* CNVNetworkSettingsTableViewController.h */,
				CEF961B01F629FBB004105F8 /* CNVNetworkSettingsTableViewController.m */,
				CE9BD3061F698F0000C10E01 /* CNVGeneralSettingsTableViewController.h */,
				CE9BD3071F698F0000C10E01 /* CNVGeneralSettingsTableViewController.m */,
			);
			name = Settings;
			sourceTree = "<group>";
		};
		CEF961891F6296A7004105F8 = {
			isa = PBXGroup;
			children = (
				CEF961941F6296A7004105F8 /* Connectivity */,
				CEF961931F6296A7004105F8 /* Products */,
				2352BB2A0D90FC4D68BB28E7 /* Pods */,
				A03F621F2E4D50B8E1DE662C /* Frameworks */,
			);
			sourceTree = "<group>";
		};
		CEF961931F6296A7004105F8 /* Products */ = {
			isa = PBXGroup;
			children = (
				CEF961921F6296A7004105F8 /* Connectivity.app */,
			);
			name = Products;
			sourceTree = "<group>";
		};
		CEF961941F6296A7004105F8 /* Connectivity */ = {
			isa = PBXGroup;
			children = (
				CEF961981F6296A8004105F8 /* AppDelegate.h */,
				CEF961991F6296A8004105F8 /* AppDelegate.m */,
				CEF961AC1F629F83004105F8 /* CNVMainTableViewController.h */,
				CEF961AD1F629F83004105F8 /* CNVMainTableViewController.m */,
				CE9BD3051F698EEA00C10E01 /* Settings */,
				CEF961B51F62A075004105F8 /* CNVHostListTableViewController.h */,
				CEF961B61F62A075004105F8 /* CNVHostListTableViewController.m */,
				CEF9619E1F6296A8004105F8 /* Main.storyboard */,
				CEF961A11F6296A8004105F8 /* Assets.xcassets */,
				CEF961A31F6296A9004105F8 /* LaunchScreen.storyboard */,
				CEF961A61F6296A9004105F8 /* Info.plist */,
				CEF961951F6296A7004105F8 /* Supporting Files */,
				CEF961B81F62D480004105F8 /* CNVConnectivityManager.h */,
				CEF961B91F62D480004105F8 /* CNVConnectivityManager.m */,
				CEA0F0691F694ACE00155375 /* CNVMessagePopoverViewController.h */,
				CEA0F06A1F694ACE00155375 /* CNVMessagePopoverViewController.m */,
				CE66958E1F6A87EC00A7AECD /* Tic Tac Toe */,
			);
			path = Connectivity;
			sourceTree = "<group>";
		};
		CEF961951F6296A7004105F8 /* Supporting Files */ = {
			isa = PBXGroup;
			children = (
				CEF961961F6296A7004105F8 /* main.m */,
			);
			name = "Supporting Files";
			sourceTree = "<group>";
		};
/* End PBXGroup section */

/* Begin PBXNativeTarget section */
		CEF961911F6296A7004105F8 /* Connectivity */ = {
			isa = PBXNativeTarget;
			buildConfigurationList = CEF961A91F6296A9004105F8 /* Build configuration list for PBXNativeTarget "Connectivity" */;
			buildPhases = (
				FD8448FF70F9004F4D547055 /* [CP] Check Pods Manifest.lock */,
				CEF9618E1F6296A7004105F8 /* Sources */,
				CEF9618F1F6296A7004105F8 /* Frameworks */,
				CEF961901F6296A7004105F8 /* Resources */,
				E9FF8BA3D9AC3D4B71CE6C6B /* [CP] Embed Pods Frameworks */,
				EF06D444A46C18766EF0EF16 /* [CP] Copy Pods Resources */,
			);
			buildRules = (
			);
			dependencies = (
			);
			name = Connectivity;
			productName = Connectivity;
			productReference = CEF961921F6296A7004105F8 /* Connectivity.app */;
			productType = "com.apple.product-type.application";
		};
/* End PBXNativeTarget section */

/* Begin PBXProject section */
		CEF9618A1F6296A7004105F8 /* Project object */ = {
			isa = PBXProject;
			attributes = {
				LastUpgradeCheck = 0830;
				ORGANIZATIONNAME = greg;
				TargetAttributes = {
					CEF961911F6296A7004105F8 = {
						CreatedOnToolsVersion = 8.3.3;
						DevelopmentTeam = DD484H6UF4;
						ProvisioningStyle = Automatic;
					};
				};
			};
			buildConfigurationList = CEF9618D1F6296A7004105F8 /* Build configuration list for PBXProject "Connectivity" */;
			compatibilityVersion = "Xcode 3.2";
			developmentRegion = English;
			hasScannedForEncodings = 0;
			knownRegions = (
				en,
				Base,
			);
			mainGroup = CEF961891F6296A7004105F8;
			productRefGroup = CEF961931F6296A7004105F8 /* Products */;
			projectDirPath = "";
			projectRoot = "";
			targets = (
				CEF961911F6296A7004105F8 /* Connectivity */,
			);
		};
/* End PBXProject section */

/* Begin PBXResourcesBuildPhase section */
		CEF961901F6296A7004105F8 /* Resources */ = {
			isa = PBXResourcesBuildPhase;
			buildActionMask = 2147483647;
			files = (
				CEF961A51F6296A9004105F8 /* LaunchScreen.storyboard in Resources */,
				CEF961A21F6296A8004105F8 /* Assets.xcassets in Resources */,
				CEF961A01F6296A8004105F8 /* Main.storyboard in Resources */,
				CE66959C1F6BC72B00A7AECD /* TicTacToe.storyboard in Resources */,
			);
			runOnlyForDeploymentPostprocessing = 0;
		};
/* End PBXResourcesBuildPhase section */

/* Begin PBXShellScriptBuildPhase section */
		E9FF8BA3D9AC3D4B71CE6C6B /* [CP] Embed Pods Frameworks */ = {
			isa = PBXShellScriptBuildPhase;
			buildActionMask = 2147483647;
			files = (
			);
			inputPaths = (
			);
			name = "[CP] Embed Pods Frameworks";
			outputPaths = (
			);
			runOnlyForDeploymentPostprocessing = 0;
			shellPath = /bin/sh;
			shellScript = "\"${SRCROOT}/Pods/Target Support Files/Pods-Connectivity/Pods-Connectivity-frameworks.sh\"\n";
			showEnvVarsInLog = 0;
		};
		EF06D444A46C18766EF0EF16 /* [CP] Copy Pods Resources */ = {
			isa = PBXShellScriptBuildPhase;
			buildActionMask = 2147483647;
			files = (
			);
			inputPaths = (
				"${SRCROOT}/Pods/Target Support Files/Pods-Connectivity/Pods-Connectivity-resources.sh",
				"${PODS_ROOT}/SVProgressHUD/SVProgressHUD/SVProgressHUD.bundle",
			);
			name = "[CP] Copy Pods Resources";
			outputPaths = (
				"${TARGET_BUILD_DIR}/${UNLOCALIZED_RESOURCES_FOLDER_PATH}",
			);
			runOnlyForDeploymentPostprocessing = 0;
			shellPath = /bin/sh;
			shellScript = "\"${SRCROOT}/Pods/Target Support Files/Pods-Connectivity/Pods-Connectivity-resources.sh\"\n";
			showEnvVarsInLog = 0;
		};
		FD8448FF70F9004F4D547055 /* [CP] Check Pods Manifest.lock */ = {
			isa = PBXShellScriptBuildPhase;
			buildActionMask = 2147483647;
			files = (
			);
			inputPaths = (
				"${PODS_PODFILE_DIR_PATH}/Podfile.lock",
				"${PODS_ROOT}/Manifest.lock",
			);
			name = "[CP] Check Pods Manifest.lock";
			outputPaths = (
				"$(DERIVED_FILE_DIR)/Pods-Connectivity-checkManifestLockResult.txt",
			);
			runOnlyForDeploymentPostprocessing = 0;
			shellPath = /bin/sh;
			shellScript = "diff \"${PODS_PODFILE_DIR_PATH}/Podfile.lock\" \"${PODS_ROOT}/Manifest.lock\" > /dev/null\nif [ $? != 0 ] ; then\n    # print error to STDERR\n    echo \"error: The sandbox is not in sync with the Podfile.lock. Run 'pod install' or update your CocoaPods installation.\" >&2\n    exit 1\nfi\n# This output is used by Xcode 'outputs' to avoid re-running this script phase.\necho \"SUCCESS\" > \"${SCRIPT_OUTPUT_FILE_0}\"\n";
			showEnvVarsInLog = 0;
		};
/* End PBXShellScriptBuildPhase section */

/* Begin PBXSourcesBuildPhase section */
		CEF9618E1F6296A7004105F8 /* Sources */ = {
			isa = PBXSourcesBuildPhase;
			buildActionMask = 2147483647;
			files = (
				CEF9619A1F6296A8004105F8 /* AppDelegate.m in Sources */,
				CEF961AE1F629F83004105F8 /* CNVMainTableViewController.m in Sources */,
				CEF961B71F62A075004105F8 /* CNVHostListTableViewController.m in Sources */,
				CE66959A1F6BC43200A7AECD /* CNVTicTacToeSessionInteractor.m in Sources */,
				CE66959F1F6BCA9400A7AECD /* CNVTicTacToeEnterViewController.m in Sources */,
				CEF961BA1F62D480004105F8 /* CNVConnectivityManager.m in Sources */,
				CE9BD30B1F6A84E900C10E01 /* CNVTicTacToeViewController.m in Sources */,
				CEF961971F6296A7004105F8 /* main.m in Sources */,
				CE6695911F6A881500A7AECD /* CNVTicTacToeCollectionViewCell.m in Sources */,
				CEA0F06B1F694ACE00155375 /* CNVMessagePopoverViewController.m in Sources */,
				CEF961B11F629FBB004105F8 /* CNVNetworkSettingsTableViewController.m in Sources */,
				CE9BD3081F698F0000C10E01 /* CNVGeneralSettingsTableViewController.m in Sources */,
			);
			runOnlyForDeploymentPostprocessing = 0;
		};
/* End PBXSourcesBuildPhase section */

/* Begin PBXVariantGroup section */
		CEF9619E1F6296A8004105F8 /* Main.storyboard */ = {
			isa = PBXVariantGroup;
			children = (
				CEF9619F1F6296A8004105F8 /* Base */,
			);
			name = Main.storyboard;
			sourceTree = "<group>";
		};
		CEF961A31F6296A9004105F8 /* LaunchScreen.storyboard */ = {
			isa = PBXVariantGroup;
			children = (
				CEF961A41F6296A9004105F8 /* Base */,
			);
			name = LaunchScreen.storyboard;
			sourceTree = "<group>";
		};
/* End PBXVariantGroup section */

/* Begin XCBuildConfiguration section */
		CEF961A71F6296A9004105F8 /* Debug */ = {
			isa = XCBuildConfiguration;
			buildSettings = {
				ALWAYS_SEARCH_USER_PATHS = NO;
				CLANG_ANALYZER_NONNULL = YES;
				CLANG_ANALYZER_NUMBER_OBJECT_CONVERSION = YES_AGGRESSIVE;
				CLANG_CXX_LANGUAGE_STANDARD = "gnu++0x";
				CLANG_CXX_LIBRARY = "libc++";
				CLANG_ENABLE_MODULES = YES;
				CLANG_ENABLE_OBJC_ARC = YES;
				CLANG_WARN_BOOL_CONVERSION = YES;
				CLANG_WARN_CONSTANT_CONVERSION = YES;
				CLANG_WARN_DIRECT_OBJC_ISA_USAGE = YES_ERROR;
				CLANG_WARN_DOCUMENTATION_COMMENTS = YES;
				CLANG_WARN_EMPTY_BODY = YES;
				CLANG_WARN_ENUM_CONVERSION = YES;
				CLANG_WARN_INFINITE_RECURSION = YES;
				CLANG_WARN_INT_CONVERSION = YES;
				CLANG_WARN_OBJC_ROOT_CLASS = YES_ERROR;
				CLANG_WARN_SUSPICIOUS_MOVE = YES;
				CLANG_WARN_UNREACHABLE_CODE = YES;
				CLANG_WARN__DUPLICATE_METHOD_MATCH = YES;
				"CODE_SIGN_IDENTITY[sdk=iphoneos*]" = "iPhone Developer";
				COPY_PHASE_STRIP = NO;
				DEBUG_INFORMATION_FORMAT = dwarf;
				ENABLE_STRICT_OBJC_MSGSEND = YES;
				ENABLE_TESTABILITY = YES;
				GCC_C_LANGUAGE_STANDARD = gnu99;
				GCC_DYNAMIC_NO_PIC = NO;
				GCC_NO_COMMON_BLOCKS = YES;
				GCC_OPTIMIZATION_LEVEL = 0;
				GCC_PREPROCESSOR_DEFINITIONS = (
					"DEBUG=1",
					"$(inherited)",
				);
				GCC_WARN_64_TO_32_BIT_CONVERSION = YES;
				GCC_WARN_ABOUT_RETURN_TYPE = YES_ERROR;
				GCC_WARN_UNDECLARED_SELECTOR = YES;
				GCC_WARN_UNINITIALIZED_AUTOS = YES_AGGRESSIVE;
				GCC_WARN_UNUSED_FUNCTION = YES;
				GCC_WARN_UNUSED_VARIABLE = YES;
				IPHONEOS_DEPLOYMENT_TARGET = 10.3;
				MTL_ENABLE_DEBUG_INFO = YES;
				ONLY_ACTIVE_ARCH = YES;
				SDKROOT = iphoneos;
				TARGETED_DEVICE_FAMILY = "1,2";
			};
			name = Debug;
		};
		CEF961A81F6296A9004105F8 /* Release */ = {
			isa = XCBuildConfiguration;
			buildSettings = {
				ALWAYS_SEARCH_USER_PATHS = NO;
				CLANG_ANALYZER_NONNULL = YES;
				CLANG_ANALYZER_NUMBER_OBJECT_CONVERSION = YES_AGGRESSIVE;
				CLANG_CXX_LANGUAGE_STANDARD = "gnu++0x";
				CLANG_CXX_LIBRARY = "libc++";
				CLANG_ENABLE_MODULES = YES;
				CLANG_ENABLE_OBJC_ARC = YES;
				CLANG_WARN_BOOL_CONVERSION = YES;
				CLANG_WARN_CONSTANT_CONVERSION = YES;
				CLANG_WARN_DIRECT_OBJC_ISA_USAGE = YES_ERROR;
				CLANG_WARN_DOCUMENTATION_COMMENTS = YES;
				CLANG_WARN_EMPTY_BODY = YES;
				CLANG_WARN_ENUM_CONVERSION = YES;
				CLANG_WARN_INFINITE_RECURSION = YES;
				CLANG_WARN_INT_CONVERSION = YES;
				CLANG_WARN_OBJC_ROOT_CLASS = YES_ERROR;
				CLANG_WARN_SUSPICIOUS_MOVE = YES;
				CLANG_WARN_UNREACHABLE_CODE = YES;
				CLANG_WARN__DUPLICATE_METHOD_MATCH = YES;
				"CODE_SIGN_IDENTITY[sdk=iphoneos*]" = "iPhone Developer";
				COPY_PHASE_STRIP = NO;
				DEBUG_INFORMATION_FORMAT = "dwarf-with-dsym";
				ENABLE_NS_ASSERTIONS = NO;
				ENABLE_STRICT_OBJC_MSGSEND = YES;
				GCC_C_LANGUAGE_STANDARD = gnu99;
				GCC_NO_COMMON_BLOCKS = YES;
				GCC_WARN_64_TO_32_BIT_CONVERSION = YES;
				GCC_WARN_ABOUT_RETURN_TYPE = YES_ERROR;
				GCC_WARN_UNDECLARED_SELECTOR = YES;
				GCC_WARN_UNINITIALIZED_AUTOS = YES_AGGRESSIVE;
				GCC_WARN_UNUSED_FUNCTION = YES;
				GCC_WARN_UNUSED_VARIABLE = YES;
				IPHONEOS_DEPLOYMENT_TARGET = 10.3;
				MTL_ENABLE_DEBUG_INFO = NO;
				SDKROOT = iphoneos;
				TARGETED_DEVICE_FAMILY = "1,2";
				VALIDATE_PRODUCT = YES;
			};
			name = Release;
		};
		CEF961AA1F6296A9004105F8 /* Debug */ = {
			isa = XCBuildConfiguration;
			baseConfigurationReference = D45CD7BDA431533DF55AEE65 /* Pods-Connectivity.debug.xcconfig */;
			buildSettings = {
				ASSETCATALOG_COMPILER_APPICON_NAME = AppIcon;
				CLANG_ENABLE_MODULES = YES;
				DEVELOPMENT_TEAM = DD484H6UF4;
				INFOPLIST_FILE = Connectivity/Info.plist;
				IPHONEOS_DEPLOYMENT_TARGET = 10;
				LD_RUNPATH_SEARCH_PATHS = "$(inherited) @executable_path/Frameworks";
				PRODUCT_BUNDLE_IDENTIFIER = com.greg.Connectivity;
				PRODUCT_NAME = "$(TARGET_NAME)";
			};
			name = Debug;
		};
		CEF961AB1F6296A9004105F8 /* Release */ = {
			isa = XCBuildConfiguration;
			baseConfigurationReference = 01A6BEAEC28EC63CDBE21383 /* Pods-Connectivity.release.xcconfig */;
			buildSettings = {
				ASSETCATALOG_COMPILER_APPICON_NAME = AppIcon;
				CLANG_ENABLE_MODULES = YES;
				DEVELOPMENT_TEAM = DD484H6UF4;
				INFOPLIST_FILE = Connectivity/Info.plist;
				IPHONEOS_DEPLOYMENT_TARGET = 10;
				LD_RUNPATH_SEARCH_PATHS = "$(inherited) @executable_path/Frameworks";
				PRODUCT_BUNDLE_IDENTIFIER = com.greg.Connectivity;
				PRODUCT_NAME = "$(TARGET_NAME)";
			};
			name = Release;
		};
/* End XCBuildConfiguration section */

/* Begin XCConfigurationList section */
		CEF9618D1F6296A7004105F8 /* Build configuration list for PBXProject "Connectivity" */ = {
			isa = XCConfigurationList;
			buildConfigurations = (
				CEF961A71F6296A9004105F8 /* Debug */,
				CEF961A81F6296A9004105F8 /* Release */,
			);
			defaultConfigurationIsVisible = 0;
			defaultConfigurationName = Release;
		};
		CEF961A91F6296A9004105F8 /* Build configuration list for PBXNativeTarget "Connectivity" */ = {
			isa = XCConfigurationList;
			buildConfigurations = (
				CEF961AA1F6296A9004105F8 /* Debug */,
				CEF961AB1F6296A9004105F8 /* Release */,
			);
			defaultConfigurationIsVisible = 0;
			defaultConfigurationName = Release;
		};
/* End XCConfigurationList section */
	};
	rootObject = CEF9618A1F6296A7004105F8 /* Project object */;
}
